
Microsoft Visual Studio Solution File, Format Version 12.00
# Visual Studio Version 17
VisualStudioVersion = 17.2.32630.192
MinimumVisualStudioVersion = 10.0.40219.1
Project("{9A19103F-16F7-4668-BE54-9A1E7A4F7556}") = "ChainingAPI", "chaining-api-demo\ChainingAPI.csproj", "{8F3A3A60-D487-4402-8F29-87A6996335C6}"
EndProject
Project("{9A19103F-16F7-4668-BE54-9A1E7A4F7556}") = "CareerTestBot", "CareerTestBot\CareerTestBot\CareerTestBot.csproj", "{5C34796B-FA3C-410C-9F40-18DCB02F6E10}"
EndProject
Project("{9A19103F-16F7-4668-BE54-9A1E7A4F7556}") = "ChainingFrontend", "ChainingFrontend\ChainingFrontend\ChainingFrontend.csproj", "{C30B18DD-6E28-46C5-838B-B70614A50A36}"
EndProject
Global
	GlobalSection(SolutionConfigurationPlatforms) = preSolution
		Debug|Any CPU = Debug|Any CPU
		Release|Any CPU = Release|Any CPU
	EndGlobalSection
	GlobalSection(ProjectConfigurationPlatforms) = postSolution
		{8F3A3A60-D487-4402-8F29-87A6996335C6}.Debug|Any CPU.ActiveCfg = Debug|Any CPU
		{8F3A3A60-D487-4402-8F29-87A6996335C6}.Debug|Any CPU.Build.0 = Debug|Any CPU
		{8F3A3A60-D487-4402-8F29-87A6996335C6}.Release|Any CPU.ActiveCfg = Release|Any CPU
		{8F3A3A60-D487-4402-8F29-87A6996335C6}.Release|Any CPU.Build.0 = Release|Any CPU
		{5C34796B-FA3C-410C-9F40-18DCB02F6E10}.Debug|Any CPU.ActiveCfg = Debug|Any CPU
		{5C34796B-FA3C-410C-9F40-18DCB02F6E10}.Debug|Any CPU.Build.0 = Debug|Any CPU
		{5C34796B-FA3C-410C-9F40-18DCB02F6E10}.Release|Any CPU.ActiveCfg = Release|Any CPU
		{5C34796B-FA3C-410C-9F40-18DCB02F6E10}.Release|Any CPU.Build.0 = Release|Any CPU
		{C30B18DD-6E28-46C5-838B-B70614A50A36}.Debug|Any CPU.ActiveCfg = Debug|Any CPU
		{C30B18DD-6E28-46C5-838B-B70614A50A36}.Debug|Any CPU.Build.0 = Debug|Any CPU
		{C30B18DD-6E28-46C5-838B-B70614A50A36}.Release|Any CPU.ActiveCfg = Release|Any CPU
		{C30B18DD-6E28-46C5-838B-B70614A50A36}.Release|Any CPU.Build.0 = Release|Any CPU
	EndGlobalSection
	GlobalSection(SolutionProperties) = preSolution
		HideSolutionNode = FALSE
	EndGlobalSection
	GlobalSection(ExtensibilityGlobals) = postSolution
		SolutionGuid = {68D27E97-E231-4901-9543-D608F0E43CC4}
	EndGlobalSection
EndGlobal
