
Microsoft Visual Studio Solution File, Format Version 12.00
# Visual Studio Version 17
VisualStudioVersion = 17.2.32630.192
MinimumVisualStudioVersion = 10.0.40219.1
Project("{FAE04EC0-301F-11D3-BF4B-00C04F79EFBC}") = "CareerTestBot", "CareerTestBot\CareerTestBot.csproj", "{F493BA4F-31D0-4EF8-8470-DAB7C1165442}"
EndProject
Global
	GlobalSection(SolutionConfigurationPlatforms) = preSolution
		Debug|Any CPU = Debug|Any CPU
		Release|Any CPU = Release|Any CPU
	EndGlobalSection
	GlobalSection(ProjectConfigurationPlatforms) = postSolution
		{F493BA4F-31D0-4EF8-8470-DAB7C1165442}.Debug|Any CPU.ActiveCfg = Debug|Any CPU
		{F493BA4F-31D0-4EF8-8470-DAB7C1165442}.Debug|Any CPU.Build.0 = Debug|Any CPU
		{F493BA4F-31D0-4EF8-8470-DAB7C1165442}.Release|Any CPU.ActiveCfg = Release|Any CPU
		{F493BA4F-31D0-4EF8-8470-DAB7C1165442}.Release|Any CPU.Build.0 = Release|Any CPU
	EndGlobalSection
	GlobalSection(SolutionProperties) = preSolution
		HideSolutionNode = FALSE
	EndGlobalSection
	GlobalSection(ExtensibilityGlobals) = postSolution
		SolutionGuid = {9A418213-39AA-4171-9B1F-2F36ACE4E46C}
	EndGlobalSection
EndGlobal
